// !$*UTF8*$!
{
	archiveVersion = 1;
	classes = {
	};
	objectVersion = 56;
	objects = {

/* Begin PBXBuildFile section */
		A522E7932A74422200180C81 /* CardAPIWorker.swift in Sources */ = {isa = PBXBuildFile; fileRef = A522E7922A74422200180C81 /* CardAPIWorker.swift */; };
		A522E7952A74424B00180C81 /* CardInteractor.swift in Sources */ = {isa = PBXBuildFile; fileRef = A522E7942A74424B00180C81 /* CardInteractor.swift */; };
		A522E7972A74428E00180C81 /* CardModels.swift in Sources */ = {isa = PBXBuildFile; fileRef = A522E7962A74428E00180C81 /* CardModels.swift */; };
		A522E7992A7442DE00180C81 /* CardPresenter.swift in Sources */ = {isa = PBXBuildFile; fileRef = A522E7982A7442DE00180C81 /* CardPresenter.swift */; };
		A522E79C2A7444FA00180C81 /* CardAPIModel.swift in Sources */ = {isa = PBXBuildFile; fileRef = A522E79B2A7444FA00180C81 /* CardAPIModel.swift */; };
		A522E79E2A74459A00180C81 /* CardView.swift in Sources */ = {isa = PBXBuildFile; fileRef = A522E79D2A74459A00180C81 /* CardView.swift */; };
		A54A993C2A77DFB0002A90CE /* OHHTTPStubs in Frameworks */ = {isa = PBXBuildFile; productRef = A54A993B2A77DFB0002A90CE /* OHHTTPStubs */; };
		A54A993E2A77DFB0002A90CE /* OHHTTPStubsSwift in Frameworks */ = {isa = PBXBuildFile; productRef = A54A993D2A77DFB0002A90CE /* OHHTTPStubsSwift */; };
		A54A99412A77E07F002A90CE /* StubRequests.swift in Sources */ = {isa = PBXBuildFile; fileRef = A54A99402A77E07F002A90CE /* StubRequests.swift */; };
		A57D2DC52A73F68D00CD7A26 /* AppDelegate.swift in Sources */ = {isa = PBXBuildFile; fileRef = A57D2DC42A73F68D00CD7A26 /* AppDelegate.swift */; };
		A57D2DC92A73F69000CD7A26 /* Assets.xcassets in Resources */ = {isa = PBXBuildFile; fileRef = A57D2DC82A73F69000CD7A26 /* Assets.xcassets */; };
		A57D2DCC2A73F69000CD7A26 /* Preview Assets.xcassets in Resources */ = {isa = PBXBuildFile; fileRef = A57D2DCB2A73F69000CD7A26 /* Preview Assets.xcassets */; };
		A57D2DD62A73F69100CD7A26 /* CardAPIWorkerTests.swift in Sources */ = {isa = PBXBuildFile; fileRef = A57D2DD52A73F69100CD7A26 /* CardAPIWorkerTests.swift */; };
		A5E9CC2A2A77E8B700918A7D /* OHHTTPStubs in Frameworks */ = {isa = PBXBuildFile; productRef = A5E9CC292A77E8B700918A7D /* OHHTTPStubs */; };
		A5E9CC2C2A77E8B700918A7D /* OHHTTPStubsSwift in Frameworks */ = {isa = PBXBuildFile; productRef = A5E9CC2B2A77E8B700918A7D /* OHHTTPStubsSwift */; };
		A5E9CC322A77EAC700918A7D /* CardsResponseMock.swift in Sources */ = {isa = PBXBuildFile; fileRef = A5E9CC312A77EAC700918A7D /* CardsResponseMock.swift */; };
/* End PBXBuildFile section */

/* Begin PBXContainerItemProxy section */
		A57D2DD22A73F69100CD7A26 /* PBXContainerItemProxy */ = {
			isa = PBXContainerItemProxy;
			containerPortal = A57D2DB92A73F68D00CD7A26 /* Project object */;
			proxyType = 1;
			remoteGlobalIDString = A57D2DC02A73F68D00CD7A26;
			remoteInfo = TesteTecnico;
		};
/* End PBXContainerItemProxy section */

/* Begin PBXFileReference section */
		A522E7922A74422200180C81 /* CardAPIWorker.swift */ = {isa = PBXFileReference; lastKnownFileType = sourcecode.swift; path = CardAPIWorker.swift; sourceTree = "<group>"; };
		A522E7942A74424B00180C81 /* CardInteractor.swift */ = {isa = PBXFileReference; lastKnownFileType = sourcecode.swift; path = CardInteractor.swift; sourceTree = "<group>"; };
		A522E7962A74428E00180C81 /* CardModels.swift */ = {isa = PBXFileReference; lastKnownFileType = sourcecode.swift; path = CardModels.swift; sourceTree = "<group>"; };
		A522E7982A7442DE00180C81 /* CardPresenter.swift */ = {isa = PBXFileReference; lastKnownFileType = sourcecode.swift; path = CardPresenter.swift; sourceTree = "<group>"; };
		A522E79B2A7444FA00180C81 /* CardAPIModel.swift */ = {isa = PBXFileReference; lastKnownFileType = sourcecode.swift; path = CardAPIModel.swift; sourceTree = "<group>"; };
		A522E79D2A74459A00180C81 /* CardView.swift */ = {isa = PBXFileReference; lastKnownFileType = sourcecode.swift; path = CardView.swift; sourceTree = "<group>"; };
		A54A99402A77E07F002A90CE /* StubRequests.swift */ = {isa = PBXFileReference; lastKnownFileType = sourcecode.swift; path = StubRequests.swift; sourceTree = "<group>"; };
		A57D2DC12A73F68D00CD7A26 /* TesteTecnico.app */ = {isa = PBXFileReference; explicitFileType = wrapper.application; includeInIndex = 0; path = TesteTecnico.app; sourceTree = BUILT_PRODUCTS_DIR; };
		A57D2DC42A73F68D00CD7A26 /* AppDelegate.swift */ = {isa = PBXFileReference; lastKnownFileType = sourcecode.swift; path = AppDelegate.swift; sourceTree = "<group>"; };
		A57D2DC82A73F69000CD7A26 /* Assets.xcassets */ = {isa = PBXFileReference; lastKnownFileType = folder.assetcatalog; path = Assets.xcassets; sourceTree = "<group>"; };
		A57D2DCB2A73F69000CD7A26 /* Preview Assets.xcassets */ = {isa = PBXFileReference; lastKnownFileType = folder.assetcatalog; path = "Preview Assets.xcassets"; sourceTree = "<group>"; };
		A57D2DD12A73F69100CD7A26 /* TesteTecnicoTests.xctest */ = {isa = PBXFileReference; explicitFileType = wrapper.cfbundle; includeInIndex = 0; path = TesteTecnicoTests.xctest; sourceTree = BUILT_PRODUCTS_DIR; };
		A57D2DD52A73F69100CD7A26 /* CardAPIWorkerTests.swift */ = {isa = PBXFileReference; lastKnownFileType = sourcecode.swift; path = CardAPIWorkerTests.swift; sourceTree = "<group>"; };
		A57D2DEE2A73F71D00CD7A26 /* Info.plist */ = {isa = PBXFileReference; lastKnownFileType = text.plist; path = Info.plist; sourceTree = "<group>"; };
		A5E9CC312A77EAC700918A7D /* CardsResponseMock.swift */ = {isa = PBXFileReference; lastKnownFileType = sourcecode.swift; path = CardsResponseMock.swift; sourceTree = "<group>"; };
/* End PBXFileReference section */

/* Begin PBXFrameworksBuildPhase section */
		A57D2DBE2A73F68D00CD7A26 /* Frameworks */ = {
			isa = PBXFrameworksBuildPhase;
			buildActionMask = 2147483647;
			files = (
				A54A993C2A77DFB0002A90CE /* OHHTTPStubs in Frameworks */,
				A54A993E2A77DFB0002A90CE /* OHHTTPStubsSwift in Frameworks */,
			);
			runOnlyForDeploymentPostprocessing = 0;
		};
		A57D2DCE2A73F69100CD7A26 /* Frameworks */ = {
			isa = PBXFrameworksBuildPhase;
			buildActionMask = 2147483647;
			files = (
				A5E9CC2A2A77E8B700918A7D /* OHHTTPStubs in Frameworks */,
				A5E9CC2C2A77E8B700918A7D /* OHHTTPStubsSwift in Frameworks */,
			);
			runOnlyForDeploymentPostprocessing = 0;
		};
/* End PBXFrameworksBuildPhase section */

/* Begin PBXGroup section */
		A522E78F2A7441DC00180C81 /* Common */ = {
			isa = PBXGroup;
			children = (
				A522E79A2A7444E800180C81 /* Models */,
			);
			path = Common;
			sourceTree = "<group>";
		};
		A522E7902A7441E200180C81 /* Scenes */ = {
			isa = PBXGroup;
			children = (
				A522E7912A7441E800180C81 /* Cards */,
			);
			path = Scenes;
			sourceTree = "<group>";
		};
		A522E7912A7441E800180C81 /* Cards */ = {
			isa = PBXGroup;
			children = (
				A522E7922A74422200180C81 /* CardAPIWorker.swift */,
				A522E7942A74424B00180C81 /* CardInteractor.swift */,
				A522E7962A74428E00180C81 /* CardModels.swift */,
				A522E7982A7442DE00180C81 /* CardPresenter.swift */,
				A522E79D2A74459A00180C81 /* CardView.swift */,
			);
			path = Cards;
			sourceTree = "<group>";
		};
		A522E79A2A7444E800180C81 /* Models */ = {
			isa = PBXGroup;
			children = (
				A522E79B2A7444FA00180C81 /* CardAPIModel.swift */,
			);
			path = Models;
			sourceTree = "<group>";
		};
		A54A993F2A77E05B002A90CE /* Stubs */ = {
			isa = PBXGroup;
			children = (
				A54A99402A77E07F002A90CE /* StubRequests.swift */,
			);
			path = Stubs;
			sourceTree = "<group>";
		};
		A57D2DB82A73F68D00CD7A26 = {
			isa = PBXGroup;
			children = (
				A57D2DC32A73F68D00CD7A26 /* TesteTecnico */,
				A57D2DD42A73F69100CD7A26 /* TesteTecnicoTests */,
				A57D2DC22A73F68D00CD7A26 /* Products */,
				A5E9CC282A77E8B700918A7D /* Frameworks */,
			);
			sourceTree = "<group>";
		};
		A57D2DC22A73F68D00CD7A26 /* Products */ = {
			isa = PBXGroup;
			children = (
				A57D2DC12A73F68D00CD7A26 /* TesteTecnico.app */,
				A57D2DD12A73F69100CD7A26 /* TesteTecnicoTests.xctest */,
			);
			name = Products;
			sourceTree = "<group>";
		};
		A57D2DC32A73F68D00CD7A26 /* TesteTecnico */ = {
			isa = PBXGroup;
			children = (
				A522E78F2A7441DC00180C81 /* Common */,
				A522E7902A7441E200180C81 /* Scenes */,
				A57D2DEE2A73F71D00CD7A26 /* Info.plist */,
				A57D2DC42A73F68D00CD7A26 /* AppDelegate.swift */,
				A57D2DC82A73F69000CD7A26 /* Assets.xcassets */,
				A57D2DCA2A73F69000CD7A26 /* Preview Content */,
			);
			path = TesteTecnico;
			sourceTree = "<group>";
		};
		A57D2DCA2A73F69000CD7A26 /* Preview Content */ = {
			isa = PBXGroup;
			children = (
				A57D2DCB2A73F69000CD7A26 /* Preview Assets.xcassets */,
			);
			path = "Preview Content";
			sourceTree = "<group>";
		};
		A57D2DD42A73F69100CD7A26 /* TesteTecnicoTests */ = {
			isa = PBXGroup;
			children = (
				A5E9CC302A77EABC00918A7D /* Mocks */,
				A54A993F2A77E05B002A90CE /* Stubs */,
				A57D2DD52A73F69100CD7A26 /* CardAPIWorkerTests.swift */,
			);
			path = TesteTecnicoTests;
			sourceTree = "<group>";
		};
		A5E9CC282A77E8B700918A7D /* Frameworks */ = {
			isa = PBXGroup;
			children = (
			);
			name = Frameworks;
			sourceTree = "<group>";
		};
		A5E9CC302A77EABC00918A7D /* Mocks */ = {
			isa = PBXGroup;
			children = (
				A5E9CC312A77EAC700918A7D /* CardsResponseMock.swift */,
			);
			path = Mocks;
			sourceTree = "<group>";
		};
/* End PBXGroup section */

/* Begin PBXNativeTarget section */
		A57D2DC02A73F68D00CD7A26 /* TesteTecnico */ = {
			isa = PBXNativeTarget;
			buildConfigurationList = A57D2DE52A73F69100CD7A26 /* Build configuration list for PBXNativeTarget "TesteTecnico" */;
			buildPhases = (
				A57D2DBD2A73F68D00CD7A26 /* Sources */,
				A57D2DBE2A73F68D00CD7A26 /* Frameworks */,
				A57D2DBF2A73F68D00CD7A26 /* Resources */,
			);
			buildRules = (
			);
			dependencies = (
			);
			name = TesteTecnico;
			packageProductDependencies = (
				A54A993B2A77DFB0002A90CE /* OHHTTPStubs */,
				A54A993D2A77DFB0002A90CE /* OHHTTPStubsSwift */,
			);
			productName = TesteTecnico;
			productReference = A57D2DC12A73F68D00CD7A26 /* TesteTecnico.app */;
			productType = "com.apple.product-type.application";
		};
		A57D2DD02A73F69100CD7A26 /* TesteTecnicoTests */ = {
			isa = PBXNativeTarget;
			buildConfigurationList = A57D2DE82A73F69100CD7A26 /* Build configuration list for PBXNativeTarget "TesteTecnicoTests" */;
			buildPhases = (
				A57D2DCD2A73F69100CD7A26 /* Sources */,
				A57D2DCE2A73F69100CD7A26 /* Frameworks */,
				A57D2DCF2A73F69100CD7A26 /* Resources */,
			);
			buildRules = (
			);
			dependencies = (
				A57D2DD32A73F69100CD7A26 /* PBXTargetDependency */,
			);
			name = TesteTecnicoTests;
			packageProductDependencies = (
				A5E9CC292A77E8B700918A7D /* OHHTTPStubs */,
				A5E9CC2B2A77E8B700918A7D /* OHHTTPStubsSwift */,
			);
			productName = TesteTecnicoTests;
			productReference = A57D2DD12A73F69100CD7A26 /* TesteTecnicoTests.xctest */;
			productType = "com.apple.product-type.bundle.unit-test";
		};
/* End PBXNativeTarget section */

/* Begin PBXProject section */
		A57D2DB92A73F68D00CD7A26 /* Project object */ = {
			isa = PBXProject;
			attributes = {
				BuildIndependentTargetsInParallel = 1;
				LastSwiftUpdateCheck = 1430;
				LastUpgradeCheck = 1430;
				TargetAttributes = {
					A57D2DC02A73F68D00CD7A26 = {
						CreatedOnToolsVersion = 14.3.1;
					};
					A57D2DD02A73F69100CD7A26 = {
						CreatedOnToolsVersion = 14.3.1;
						TestTargetID = A57D2DC02A73F68D00CD7A26;
					};
				};
			};
			buildConfigurationList = A57D2DBC2A73F68D00CD7A26 /* Build configuration list for PBXProject "TesteTecnico" */;
			compatibilityVersion = "Xcode 14.0";
			developmentRegion = en;
			hasScannedForEncodings = 0;
			knownRegions = (
				en,
				Base,
			);
			mainGroup = A57D2DB82A73F68D00CD7A26;
			packageReferences = (
				A54A993A2A77DFB0002A90CE /* XCRemoteSwiftPackageReference "OHHTTPStubs" */,
			);
			productRefGroup = A57D2DC22A73F68D00CD7A26 /* Products */;
			projectDirPath = "";
			projectRoot = "";
			targets = (
				A57D2DC02A73F68D00CD7A26 /* TesteTecnico */,
				A57D2DD02A73F69100CD7A26 /* TesteTecnicoTests */,
			);
		};
/* End PBXProject section */

/* Begin PBXResourcesBuildPhase section */
		A57D2DBF2A73F68D00CD7A26 /* Resources */ = {
			isa = PBXResourcesBuildPhase;
			buildActionMask = 2147483647;
			files = (
				A57D2DCC2A73F69000CD7A26 /* Preview Assets.xcassets in Resources */,
				A57D2DC92A73F69000CD7A26 /* Assets.xcassets in Resources */,
			);
			runOnlyForDeploymentPostprocessing = 0;
		};
		A57D2DCF2A73F69100CD7A26 /* Resources */ = {
			isa = PBXResourcesBuildPhase;
			buildActionMask = 2147483647;
			files = (
			);
			runOnlyForDeploymentPostprocessing = 0;
		};
/* End PBXResourcesBuildPhase section */

/* Begin PBXSourcesBuildPhase section */
		A57D2DBD2A73F68D00CD7A26 /* Sources */ = {
			isa = PBXSourcesBuildPhase;
			buildActionMask = 2147483647;
			files = (
				A522E7952A74424B00180C81 /* CardInteractor.swift in Sources */,
				A522E7972A74428E00180C81 /* CardModels.swift in Sources */,
				A522E7932A74422200180C81 /* CardAPIWorker.swift in Sources */,
				A522E7992A7442DE00180C81 /* CardPresenter.swift in Sources */,
				A57D2DC52A73F68D00CD7A26 /* AppDelegate.swift in Sources */,
				A522E79E2A74459A00180C81 /* CardView.swift in Sources */,
				A522E79C2A7444FA00180C81 /* CardAPIModel.swift in Sources */,
			);
			runOnlyForDeploymentPostprocessing = 0;
		};
		A57D2DCD2A73F69100CD7A26 /* Sources */ = {
			isa = PBXSourcesBuildPhase;
			buildActionMask = 2147483647;
			files = (
				A57D2DD62A73F69100CD7A26 /* CardAPIWorkerTests.swift in Sources */,
				A54A99412A77E07F002A90CE /* StubRequests.swift in Sources */,
				A5E9CC322A77EAC700918A7D /* CardsResponseMock.swift in Sources */,
			);
			runOnlyForDeploymentPostprocessing = 0;
		};
/* End PBXSourcesBuildPhase section */

/* Begin PBXTargetDependency section */
		A57D2DD32A73F69100CD7A26 /* PBXTargetDependency */ = {
			isa = PBXTargetDependency;
			target = A57D2DC02A73F68D00CD7A26 /* TesteTecnico */;
			targetProxy = A57D2DD22A73F69100CD7A26 /* PBXContainerItemProxy */;
		};
/* End PBXTargetDependency section */

/* Begin XCBuildConfiguration section */
		A57D2DE32A73F69100CD7A26 /* Debug */ = {
			isa = XCBuildConfiguration;
			buildSettings = {
				ALWAYS_SEARCH_USER_PATHS = NO;
				CLANG_ANALYZER_NONNULL = YES;
				CLANG_ANALYZER_NUMBER_OBJECT_CONVERSION = YES_AGGRESSIVE;
				CLANG_CXX_LANGUAGE_STANDARD = "gnu++20";
				CLANG_ENABLE_MODULES = YES;
				CLANG_ENABLE_OBJC_ARC = YES;
				CLANG_ENABLE_OBJC_WEAK = YES;
				CLANG_WARN_BLOCK_CAPTURE_AUTORELEASING = YES;
				CLANG_WARN_BOOL_CONVERSION = YES;
				CLANG_WARN_COMMA = YES;
				CLANG_WARN_CONSTANT_CONVERSION = YES;
				CLANG_WARN_DEPRECATED_OBJC_IMPLEMENTATIONS = YES;
				CLANG_WARN_DIRECT_OBJC_ISA_USAGE = YES_ERROR;
				CLANG_WARN_DOCUMENTATION_COMMENTS = YES;
				CLANG_WARN_EMPTY_BODY = YES;
				CLANG_WARN_ENUM_CONVERSION = YES;
				CLANG_WARN_INFINITE_RECURSION = YES;
				CLANG_WARN_INT_CONVERSION = YES;
				CLANG_WARN_NON_LITERAL_NULL_CONVERSION = YES;
				CLANG_WARN_OBJC_IMPLICIT_RETAIN_SELF = YES;
				CLANG_WARN_OBJC_LITERAL_CONVERSION = YES;
				CLANG_WARN_OBJC_ROOT_CLASS = YES_ERROR;
				CLANG_WARN_QUOTED_INCLUDE_IN_FRAMEWORK_HEADER = YES;
				CLANG_WARN_RANGE_LOOP_ANALYSIS = YES;
				CLANG_WARN_STRICT_PROTOTYPES = YES;
				CLANG_WARN_SUSPICIOUS_MOVE = YES;
				CLANG_WARN_UNGUARDED_AVAILABILITY = YES_AGGRESSIVE;
				CLANG_WARN_UNREACHABLE_CODE = YES;
				CLANG_WARN__DUPLICATE_METHOD_MATCH = YES;
				COPY_PHASE_STRIP = NO;
				DEBUG_INFORMATION_FORMAT = dwarf;
				ENABLE_STRICT_OBJC_MSGSEND = YES;
				ENABLE_TESTABILITY = YES;
				GCC_C_LANGUAGE_STANDARD = gnu11;
				GCC_DYNAMIC_NO_PIC = NO;
				GCC_NO_COMMON_BLOCKS = YES;
				GCC_OPTIMIZATION_LEVEL = 0;
				GCC_PREPROCESSOR_DEFINITIONS = (
					"DEBUG=1",
					"$(inherited)",
				);
				GCC_WARN_64_TO_32_BIT_CONVERSION = YES;
				GCC_WARN_ABOUT_RETURN_TYPE = YES_ERROR;
				GCC_WARN_UNDECLARED_SELECTOR = YES;
				GCC_WARN_UNINITIALIZED_AUTOS = YES_AGGRESSIVE;
				GCC_WARN_UNUSED_FUNCTION = YES;
				GCC_WARN_UNUSED_VARIABLE = YES;
				IPHONEOS_DEPLOYMENT_TARGET = 13.0;
				MTL_ENABLE_DEBUG_INFO = INCLUDE_SOURCE;
				MTL_FAST_MATH = YES;
				ONLY_ACTIVE_ARCH = YES;
				SDKROOT = iphoneos;
				SWIFT_ACTIVE_COMPILATION_CONDITIONS = DEBUG;
				SWIFT_OPTIMIZATION_LEVEL = "-Onone";
			};
			name = Debug;
		};
		A57D2DE42A73F69100CD7A26 /* Release */ = {
			isa = XCBuildConfiguration;
			buildSettings = {
				ALWAYS_SEARCH_USER_PATHS = NO;
				CLANG_ANALYZER_NONNULL = YES;
				CLANG_ANALYZER_NUMBER_OBJECT_CONVERSION = YES_AGGRESSIVE;
				CLANG_CXX_LANGUAGE_STANDARD = "gnu++20";
				CLANG_ENABLE_MODULES = YES;
				CLANG_ENABLE_OBJC_ARC = YES;
				CLANG_ENABLE_OBJC_WEAK = YES;
				CLANG_WARN_BLOCK_CAPTURE_AUTORELEASING = YES;
				CLANG_WARN_BOOL_CONVERSION = YES;
				CLANG_WARN_COMMA = YES;
				CLANG_WARN_CONSTANT_CONVERSION = YES;
				CLANG_WARN_DEPRECATED_OBJC_IMPLEMENTATIONS = YES;
				CLANG_WARN_DIRECT_OBJC_ISA_USAGE = YES_ERROR;
				CLANG_WARN_DOCUMENTATION_COMMENTS = YES;
				CLANG_WARN_EMPTY_BODY = YES;
				CLANG_WARN_ENUM_CONVERSION = YES;
				CLANG_WARN_INFINITE_RECURSION = YES;
				CLANG_WARN_INT_CONVERSION = YES;
				CLANG_WARN_NON_LITERAL_NULL_CONVERSION = YES;
				CLANG_WARN_OBJC_IMPLICIT_RETAIN_SELF = YES;
				CLANG_WARN_OBJC_LITERAL_CONVERSION = YES;
				CLANG_WARN_OBJC_ROOT_CLASS = YES_ERROR;
				CLANG_WARN_QUOTED_INCLUDE_IN_FRAMEWORK_HEADER = YES;
				CLANG_WARN_RANGE_LOOP_ANALYSIS = YES;
				CLANG_WARN_STRICT_PROTOTYPES = YES;
				CLANG_WARN_SUSPICIOUS_MOVE = YES;
				CLANG_WARN_UNGUARDED_AVAILABILITY = YES_AGGRESSIVE;
				CLANG_WARN_UNREACHABLE_CODE = YES;
				CLANG_WARN__DUPLICATE_METHOD_MATCH = YES;
				COPY_PHASE_STRIP = NO;
				DEBUG_INFORMATION_FORMAT = "dwarf-with-dsym";
				ENABLE_NS_ASSERTIONS = NO;
				ENABLE_STRICT_OBJC_MSGSEND = YES;
				GCC_C_LANGUAGE_STANDARD = gnu11;
				GCC_NO_COMMON_BLOCKS = YES;
				GCC_WARN_64_TO_32_BIT_CONVERSION = YES;
				GCC_WARN_ABOUT_RETURN_TYPE = YES_ERROR;
				GCC_WARN_UNDECLARED_SELECTOR = YES;
				GCC_WARN_UNINITIALIZED_AUTOS = YES_AGGRESSIVE;
				GCC_WARN_UNUSED_FUNCTION = YES;
				GCC_WARN_UNUSED_VARIABLE = YES;
				IPHONEOS_DEPLOYMENT_TARGET = 13.0;
				MTL_ENABLE_DEBUG_INFO = NO;
				MTL_FAST_MATH = YES;
				SDKROOT = iphoneos;
				SWIFT_COMPILATION_MODE = wholemodule;
				SWIFT_OPTIMIZATION_LEVEL = "-O";
				VALIDATE_PRODUCT = YES;
			};
			name = Release;
		};
		A57D2DE62A73F69100CD7A26 /* Debug */ = {
			isa = XCBuildConfiguration;
			buildSettings = {
				ASSETCATALOG_COMPILER_APPICON_NAME = AppIcon;
				ASSETCATALOG_COMPILER_GLOBAL_ACCENT_COLOR_NAME = AccentColor;
				CODE_SIGN_STYLE = Automatic;
				CURRENT_PROJECT_VERSION = 1;
				DEVELOPMENT_ASSET_PATHS = "\"TesteTecnico/Preview Content\"";
				DEVELOPMENT_TEAM = KB2R5P3BHU;
				ENABLE_PREVIEWS = YES;
				GENERATE_INFOPLIST_FILE = YES;
				INFOPLIST_FILE = TesteTecnico/Info.plist;
				INFOPLIST_KEY_UIApplicationSupportsIndirectInputEvents = YES;
				INFOPLIST_KEY_UILaunchScreen_Generation = YES;
				INFOPLIST_KEY_UISupportedInterfaceOrientations_iPad = "UIInterfaceOrientationPortrait UIInterfaceOrientationPortraitUpsideDown UIInterfaceOrientationLandscapeLeft UIInterfaceOrientationLandscapeRight";
				INFOPLIST_KEY_UISupportedInterfaceOrientations_iPhone = "UIInterfaceOrientationPortrait UIInterfaceOrientationLandscapeLeft UIInterfaceOrientationLandscapeRight";
				IPHONEOS_DEPLOYMENT_TARGET = 13.0;
				LD_RUNPATH_SEARCH_PATHS = (
					"$(inherited)",
					"@executable_path/Frameworks",
				);
				MARKETING_VERSION = 1.0;
				PRODUCT_BUNDLE_IDENTIFIER = com.alliston.TesteTecnico;
				PRODUCT_NAME = "$(TARGET_NAME)";
				SWIFT_EMIT_LOC_STRINGS = YES;
				SWIFT_VERSION = 5.0;
				TARGETED_DEVICE_FAMILY = "1,2";
			};
			name = Debug;
		};
		A57D2DE72A73F69100CD7A26 /* Release */ = {
			isa = XCBuildConfiguration;
			buildSettings = {
				ASSETCATALOG_COMPILER_APPICON_NAME = AppIcon;
				ASSETCATALOG_COMPILER_GLOBAL_ACCENT_COLOR_NAME = AccentColor;
				CODE_SIGN_STYLE = Automatic;
				CURRENT_PROJECT_VERSION = 1;
				DEVELOPMENT_ASSET_PATHS = "\"TesteTecnico/Preview Content\"";
				DEVELOPMENT_TEAM = KB2R5P3BHU;
				ENABLE_PREVIEWS = YES;
				GENERATE_INFOPLIST_FILE = YES;
				INFOPLIST_FILE = TesteTecnico/Info.plist;
				INFOPLIST_KEY_UIApplicationSupportsIndirectInputEvents = YES;
				INFOPLIST_KEY_UILaunchScreen_Generation = YES;
				INFOPLIST_KEY_UISupportedInterfaceOrientations_iPad = "UIInterfaceOrientationPortrait UIInterfaceOrientationPortraitUpsideDown UIInterfaceOrientationLandscapeLeft UIInterfaceOrientationLandscapeRight";
				INFOPLIST_KEY_UISupportedInterfaceOrientations_iPhone = "UIInterfaceOrientationPortrait UIInterfaceOrientationLandscapeLeft UIInterfaceOrientationLandscapeRight";
				IPHONEOS_DEPLOYMENT_TARGET = 13.0;
				LD_RUNPATH_SEARCH_PATHS = (
					"$(inherited)",
					"@executable_path/Frameworks",
				);
				MARKETING_VERSION = 1.0;
				PRODUCT_BUNDLE_IDENTIFIER = com.alliston.TesteTecnico;
				PRODUCT_NAME = "$(TARGET_NAME)";
				SWIFT_EMIT_LOC_STRINGS = YES;
				SWIFT_VERSION = 5.0;
				TARGETED_DEVICE_FAMILY = "1,2";
			};
			name = Release;
		};
		A57D2DE92A73F69100CD7A26 /* Debug */ = {
			isa = XCBuildConfiguration;
			buildSettings = {
				ALWAYS_EMBED_SWIFT_STANDARD_LIBRARIES = YES;
				BUNDLE_LOADER = "$(TEST_HOST)";
				CODE_SIGN_STYLE = Automatic;
				CURRENT_PROJECT_VERSION = 1;
				DEVELOPMENT_TEAM = KB2R5P3BHU;
				GENERATE_INFOPLIST_FILE = YES;
				IPHONEOS_DEPLOYMENT_TARGET = 16.4;
				MARKETING_VERSION = 1.0;
				PRODUCT_BUNDLE_IDENTIFIER = com.alliston.TesteTecnicoTests;
				PRODUCT_NAME = "$(TARGET_NAME)";
				SWIFT_EMIT_LOC_STRINGS = NO;
				SWIFT_VERSION = 5.0;
				TARGETED_DEVICE_FAMILY = "1,2";
				TEST_HOST = "$(BUILT_PRODUCTS_DIR)/TesteTecnico.app/$(BUNDLE_EXECUTABLE_FOLDER_PATH)/TesteTecnico";
			};
			name = Debug;
		};
		A57D2DEA2A73F69100CD7A26 /* Release */ = {
			isa = XCBuildConfiguration;
			buildSettings = {
				ALWAYS_EMBED_SWIFT_STANDARD_LIBRARIES = YES;
				BUNDLE_LOADER = "$(TEST_HOST)";
				CODE_SIGN_STYLE = Automatic;
				CURRENT_PROJECT_VERSION = 1;
				DEVELOPMENT_TEAM = KB2R5P3BHU;
				GENERATE_INFOPLIST_FILE = YES;
				IPHONEOS_DEPLOYMENT_TARGET = 16.4;
				MARKETING_VERSION = 1.0;
				PRODUCT_BUNDLE_IDENTIFIER = com.alliston.TesteTecnicoTests;
				PRODUCT_NAME = "$(TARGET_NAME)";
				SWIFT_EMIT_LOC_STRINGS = NO;
				SWIFT_VERSION = 5.0;
				TARGETED_DEVICE_FAMILY = "1,2";
				TEST_HOST = "$(BUILT_PRODUCTS_DIR)/TesteTecnico.app/$(BUNDLE_EXECUTABLE_FOLDER_PATH)/TesteTecnico";
			};
			name = Release;
		};
/* End XCBuildConfiguration section */

/* Begin XCConfigurationList section */
		A57D2DBC2A73F68D00CD7A26 /* Build configuration list for PBXProject "TesteTecnico" */ = {
			isa = XCConfigurationList;
			buildConfigurations = (
				A57D2DE32A73F69100CD7A26 /* Debug */,
				A57D2DE42A73F69100CD7A26 /* Release */,
			);
			defaultConfigurationIsVisible = 0;
			defaultConfigurationName = Release;
		};
		A57D2DE52A73F69100CD7A26 /* Build configuration list for PBXNativeTarget "TesteTecnico" */ = {
			isa = XCConfigurationList;
			buildConfigurations = (
				A57D2DE62A73F69100CD7A26 /* Debug */,
				A57D2DE72A73F69100CD7A26 /* Release */,
			);
			defaultConfigurationIsVisible = 0;
			defaultConfigurationName = Release;
		};
		A57D2DE82A73F69100CD7A26 /* Build configuration list for PBXNativeTarget "TesteTecnicoTests" */ = {
			isa = XCConfigurationList;
			buildConfigurations = (
				A57D2DE92A73F69100CD7A26 /* Debug */,
				A57D2DEA2A73F69100CD7A26 /* Release */,
			);
			defaultConfigurationIsVisible = 0;
			defaultConfigurationName = Release;
		};
/* End XCConfigurationList section */

/* Begin XCRemoteSwiftPackageReference section */
		A54A993A2A77DFB0002A90CE /* XCRemoteSwiftPackageReference "OHHTTPStubs" */ = {
			isa = XCRemoteSwiftPackageReference;
			repositoryURL = "https://github.com/AliSoftware/OHHTTPStubs";
			requirement = {
				kind = upToNextMajorVersion;
				minimumVersion = 9.0.0;
			};
		};
/* End XCRemoteSwiftPackageReference section */

/* Begin XCSwiftPackageProductDependency section */
		A54A993B2A77DFB0002A90CE /* OHHTTPStubs */ = {
			isa = XCSwiftPackageProductDependency;
			package = A54A993A2A77DFB0002A90CE /* XCRemoteSwiftPackageReference "OHHTTPStubs" */;
			productName = OHHTTPStubs;
		};
		A54A993D2A77DFB0002A90CE /* OHHTTPStubsSwift */ = {
			isa = XCSwiftPackageProductDependency;
			package = A54A993A2A77DFB0002A90CE /* XCRemoteSwiftPackageReference "OHHTTPStubs" */;
			productName = OHHTTPStubsSwift;
		};
		A5E9CC292A77E8B700918A7D /* OHHTTPStubs */ = {
			isa = XCSwiftPackageProductDependency;
			package = A54A993A2A77DFB0002A90CE /* XCRemoteSwiftPackageReference "OHHTTPStubs" */;
			productName = OHHTTPStubs;
		};
		A5E9CC2B2A77E8B700918A7D /* OHHTTPStubsSwift */ = {
			isa = XCSwiftPackageProductDependency;
			package = A54A993A2A77DFB0002A90CE /* XCRemoteSwiftPackageReference "OHHTTPStubs" */;
			productName = OHHTTPStubsSwift;
		};
/* End XCSwiftPackageProductDependency section */
	};
	rootObject = A57D2DB92A73F68D00CD7A26 /* Project object */;
}
